// !$*UTF8*$!
{
	archiveVersion = 1;
	classes = {
	};
	objectVersion = 56;
	objects = {

/* Begin PBXBuildFile section */
		409025FA2F708E9499812EF2 /* Pods_MyMuze.framework in Frameworks */ = {isa = PBXBuildFile; fileRef = 8831AAD7CDB1966740DA2DAF /* Pods_MyMuze.framework */; };
		6BB44BC004B4299EF6CDEA74 /* Pods_MyMuzeTests.framework in Frameworks */ = {isa = PBXBuildFile; fileRef = 2247BCD797A33B0D1A9CF158 /* Pods_MyMuzeTests.framework */; };
		7E1069C52B914910009EC0AA /* PostUI.swift in Sources */ = {isa = PBXBuildFile; fileRef = 7E1069C42B914910009EC0AA /* PostUI.swift */; };
		7E7035242BC5FBA500C5B365 /* SpotifyiOS in Frameworks */ = {isa = PBXBuildFile; productRef = 7E7035232BC5FBA500C5B365 /* SpotifyiOS */; };
		7E7FC21D2BD201E4001D6C8E /* TrackData.swift in Sources */ = {isa = PBXBuildFile; fileRef = 7E7FC21C2BD201E4001D6C8E /* TrackData.swift */; };
		7E7FC21F2BD202BC001D6C8E /* SpotifyTrackItem.swift in Sources */ = {isa = PBXBuildFile; fileRef = 7E7FC21E2BD202BC001D6C8E /* SpotifyTrackItem.swift */; };
		7E8AA00A2B7C07A200014F4D /* HomeUI.swift in Sources */ = {isa = PBXBuildFile; fileRef = 7E8AA0092B7C07A200014F4D /* HomeUI.swift */; };
		7EBA74552BCF3BCB00E4536A /* SpotifyAPIClient.swift in Sources */ = {isa = PBXBuildFile; fileRef = 7EBA74542BCF3BCB00E4536A /* SpotifyAPIClient.swift */; };
		7EC1E8F62BE2F854005830A0 /* PostData.swift in Sources */ = {isa = PBXBuildFile; fileRef = 7EC1E8F52BE2F854005830A0 /* PostData.swift */; };
		7EF0E7792B887E08001D3C83 /* ProfileUI.swift in Sources */ = {isa = PBXBuildFile; fileRef = 7EF0E7782B887E08001D3C83 /* ProfileUI.swift */; };
		C1145BC42B97A7AF00F36020 /* AppDelegate.swift in Sources */ = {isa = PBXBuildFile; fileRef = C1145BC32B97A7AF00F36020 /* AppDelegate.swift */; };
		C117E32C2B6980A80077FF62 /* LoginView.swift in Sources */ = {isa = PBXBuildFile; fileRef = C117E32B2B6980A80077FF62 /* LoginView.swift */; };
		C121EF032B603D0D003C4FA5 /* MyMuzeApp.swift in Sources */ = {isa = PBXBuildFile; fileRef = C121EF022B603D0D003C4FA5 /* MyMuzeApp.swift */; };
		C121EF052B603D0D003C4FA5 /* ContentView.swift in Sources */ = {isa = PBXBuildFile; fileRef = C121EF042B603D0D003C4FA5 /* ContentView.swift */; };
		C121EF072B603D0E003C4FA5 /* Assets.xcassets in Resources */ = {isa = PBXBuildFile; fileRef = C121EF062B603D0E003C4FA5 /* Assets.xcassets */; };
		C121EF0A2B603D0E003C4FA5 /* Preview Assets.xcassets in Resources */ = {isa = PBXBuildFile; fileRef = C121EF092B603D0E003C4FA5 /* Preview Assets.xcassets */; };
		C121EF142B603D0E003C4FA5 /* MyMuzeTests.swift in Sources */ = {isa = PBXBuildFile; fileRef = C121EF132B603D0E003C4FA5 /* MyMuzeTests.swift */; };
		C121EF1E2B603D0E003C4FA5 /* MyMuzeUITests.swift in Sources */ = {isa = PBXBuildFile; fileRef = C121EF1D2B603D0E003C4FA5 /* MyMuzeUITests.swift */; };
		C121EF202B603D0E003C4FA5 /* MyMuzeUITestsLaunchTests.swift in Sources */ = {isa = PBXBuildFile; fileRef = C121EF1F2B603D0E003C4FA5 /* MyMuzeUITestsLaunchTests.swift */; };
		C14D45122BD1CF81004498D2 /* ExternalProfileView.swift in Sources */ = {isa = PBXBuildFile; fileRef = C14D45112BD1CF81004498D2 /* ExternalProfileView.swift */; };
		C17244C12BC0AFC700F312AE /* NotificationsView.swift in Sources */ = {isa = PBXBuildFile; fileRef = C17244C02BC0AFC700F312AE /* NotificationsView.swift */; };
		C17244C32BC0B70700F312AE /* NotificationData.swift in Sources */ = {isa = PBXBuildFile; fileRef = C17244C22BC0B70700F312AE /* NotificationData.swift */; };
		C17244C72BC2161300F312AE /* DebugToolsView.swift in Sources */ = {isa = PBXBuildFile; fileRef = C17244C62BC2161300F312AE /* DebugToolsView.swift */; };
		C1792CBD2B9D2AF5006622B0 /* ProfileSearchView.swift in Sources */ = {isa = PBXBuildFile; fileRef = C1792CBC2B9D2AF5006622B0 /* ProfileSearchView.swift */; };
		C1792CBF2BA101A5006622B0 /* SearchItem.swift in Sources */ = {isa = PBXBuildFile; fileRef = C1792CBE2BA101A5006622B0 /* SearchItem.swift */; };
		C1792CC22BA10DE3006622B0 /* URLImage in Frameworks */ = {isa = PBXBuildFile; productRef = C1792CC12BA10DE3006622B0 /* URLImage */; };
		C19893A62B92726200AB9F65 /* GoogleService-Info.plist in Resources */ = {isa = PBXBuildFile; fileRef = C19893A52B92726200AB9F65 /* GoogleService-Info.plist */; };
		C19893A82B92730200AB9F65 /* FirebaseAnalytics in Frameworks */ = {isa = PBXBuildFile; productRef = C19893A72B92730200AB9F65 /* FirebaseAnalytics */; };
		C19893AA2B92730200AB9F65 /* FirebaseAuth in Frameworks */ = {isa = PBXBuildFile; productRef = C19893A92B92730200AB9F65 /* FirebaseAuth */; };
		C19893AC2B92730200AB9F65 /* FirebaseFirestore in Frameworks */ = {isa = PBXBuildFile; productRef = C19893AB2B92730200AB9F65 /* FirebaseFirestore */; };
		C19893AE2B92730200AB9F65 /* FirebaseFirestoreSwift in Frameworks */ = {isa = PBXBuildFile; productRef = C19893AD2B92730200AB9F65 /* FirebaseFirestoreSwift */; };
		C19893B02B92730200AB9F65 /* FirebaseStorage in Frameworks */ = {isa = PBXBuildFile; productRef = C19893AF2B92730200AB9F65 /* FirebaseStorage */; };
		C1ABF3312B9504E0005C6B1E /* Login.swift in Sources */ = {isa = PBXBuildFile; fileRef = C1ABF3302B9504E0005C6B1E /* Login.swift */; };
		C1ABF3342B950937005C6B1E /* VerificationModal.swift in Sources */ = {isa = PBXBuildFile; fileRef = C1ABF3332B950937005C6B1E /* VerificationModal.swift */; };
		C1ABF3362B968F2A005C6B1E /* UserData.swift in Sources */ = {isa = PBXBuildFile; fileRef = C1ABF3352B968F2A005C6B1E /* UserData.swift */; };
		C1ABF3382B969288005C6B1E /* PhoneSignInView.swift in Sources */ = {isa = PBXBuildFile; fileRef = C1ABF3372B969288005C6B1E /* PhoneSignInView.swift */; };
		C1ABF33A2B9699AA005C6B1E /* Firestore.swift in Sources */ = {isa = PBXBuildFile; fileRef = C1ABF3392B9699AA005C6B1E /* Firestore.swift */; };
		C1C099F52BE5F2C200646A11 /* PictureChanger.swift in Sources */ = {isa = PBXBuildFile; fileRef = C1C099F42BE5F2C200646A11 /* PictureChanger.swift */; };
		C1C46E442B6DC55E001AADDA /* AppleButton.swift in Sources */ = {isa = PBXBuildFile; fileRef = C1C46E432B6DC55E001AADDA /* AppleButton.swift */; };
		C1C46E462B6DC8EF001AADDA /* BackgroundView.swift in Sources */ = {isa = PBXBuildFile; fileRef = C1C46E452B6DC8EF001AADDA /* BackgroundView.swift */; };
		C1C46E482B6DC946001AADDA /* Color.swift in Sources */ = {isa = PBXBuildFile; fileRef = C1C46E472B6DC946001AADDA /* Color.swift */; };
		C1C46E4E2B6DCD86001AADDA /* GoogleSignIn in Frameworks */ = {isa = PBXBuildFile; productRef = C1C46E4D2B6DCD86001AADDA /* GoogleSignIn */; };
		C1C46E502B6DCE93001AADDA /* GoogleSignInSwift in Frameworks */ = {isa = PBXBuildFile; productRef = C1C46E4F2B6DCE93001AADDA /* GoogleSignInSwift */; };
		C1D74F702BE353E6004CA4DC /* FirebaseStorage.swift in Sources */ = {isa = PBXBuildFile; fileRef = C1D74F6F2BE353E6004CA4DC /* FirebaseStorage.swift */; };
		C1D816652B83EE3D00513C21 /* SignUpView.swift in Sources */ = {isa = PBXBuildFile; fileRef = C1D816642B83EE3D00513C21 /* SignUpView.swift */; };
		C1D816692B84069D00513C21 /* NavigationBarExtensions.swift in Sources */ = {isa = PBXBuildFile; fileRef = C1D816682B84069D00513C21 /* NavigationBarExtensions.swift */; };
		C8767CF6A974C5D647564DBF /* Pods_MyMuze_MyMuzeUITests.framework in Frameworks */ = {isa = PBXBuildFile; fileRef = CA52254235F239D862FFB625 /* Pods_MyMuze_MyMuzeUITests.framework */; };
/* End PBXBuildFile section */

/* Begin PBXContainerItemProxy section */
		C121EF102B603D0E003C4FA5 /* PBXContainerItemProxy */ = {
			isa = PBXContainerItemProxy;
			containerPortal = C121EEF72B603D0C003C4FA5 /* Project object */;
			proxyType = 1;
			remoteGlobalIDString = C121EEFE2B603D0C003C4FA5;
			remoteInfo = MyMuze;
		};
		C121EF1A2B603D0E003C4FA5 /* PBXContainerItemProxy */ = {
			isa = PBXContainerItemProxy;
			containerPortal = C121EEF72B603D0C003C4FA5 /* Project object */;
			proxyType = 1;
			remoteGlobalIDString = C121EEFE2B603D0C003C4FA5;
			remoteInfo = MyMuze;
		};
/* End PBXContainerItemProxy section */

/* Begin PBXFileReference section */
		2247BCD797A33B0D1A9CF158 /* Pods_MyMuzeTests.framework */ = {isa = PBXFileReference; explicitFileType = wrapper.framework; includeInIndex = 0; path = Pods_MyMuzeTests.framework; sourceTree = BUILT_PRODUCTS_DIR; };
		324756D69109FF63B022374E /* Pods-MyMuze.debug.xcconfig */ = {isa = PBXFileReference; includeInIndex = 1; lastKnownFileType = text.xcconfig; name = "Pods-MyMuze.debug.xcconfig"; path = "Target Support Files/Pods-MyMuze/Pods-MyMuze.debug.xcconfig"; sourceTree = "<group>"; };
		359CA5E01237023E553DA53A /* Pods-MyMuzeTests.debug.xcconfig */ = {isa = PBXFileReference; includeInIndex = 1; lastKnownFileType = text.xcconfig; name = "Pods-MyMuzeTests.debug.xcconfig"; path = "Target Support Files/Pods-MyMuzeTests/Pods-MyMuzeTests.debug.xcconfig"; sourceTree = "<group>"; };
		38AE868E2456454DF1A4A933 /* Pods-MyMuze.release.xcconfig */ = {isa = PBXFileReference; includeInIndex = 1; lastKnownFileType = text.xcconfig; name = "Pods-MyMuze.release.xcconfig"; path = "Target Support Files/Pods-MyMuze/Pods-MyMuze.release.xcconfig"; sourceTree = "<group>"; };
		7A13077BC9AAA5BF295A9B06 /* Pods-MyMuze-MyMuzeUITests.debug.xcconfig */ = {isa = PBXFileReference; includeInIndex = 1; lastKnownFileType = text.xcconfig; name = "Pods-MyMuze-MyMuzeUITests.debug.xcconfig"; path = "Target Support Files/Pods-MyMuze-MyMuzeUITests/Pods-MyMuze-MyMuzeUITests.debug.xcconfig"; sourceTree = "<group>"; };
		7E1069C42B914910009EC0AA /* PostUI.swift */ = {isa = PBXFileReference; lastKnownFileType = sourcecode.swift; path = PostUI.swift; sourceTree = "<group>"; };
		7E7FC21C2BD201E4001D6C8E /* TrackData.swift */ = {isa = PBXFileReference; lastKnownFileType = sourcecode.swift; path = TrackData.swift; sourceTree = "<group>"; };
		7E7FC21E2BD202BC001D6C8E /* SpotifyTrackItem.swift */ = {isa = PBXFileReference; lastKnownFileType = sourcecode.swift; path = SpotifyTrackItem.swift; sourceTree = "<group>"; };
		7E8AA0092B7C07A200014F4D /* HomeUI.swift */ = {isa = PBXFileReference; lastKnownFileType = sourcecode.swift; path = HomeUI.swift; sourceTree = "<group>"; };
		7EBA74542BCF3BCB00E4536A /* SpotifyAPIClient.swift */ = {isa = PBXFileReference; lastKnownFileType = sourcecode.swift; path = SpotifyAPIClient.swift; sourceTree = "<group>"; };
		7EC1E8F52BE2F854005830A0 /* PostData.swift */ = {isa = PBXFileReference; lastKnownFileType = sourcecode.swift; path = PostData.swift; sourceTree = "<group>"; };
		7EF0E7782B887E08001D3C83 /* ProfileUI.swift */ = {isa = PBXFileReference; lastKnownFileType = sourcecode.swift; path = ProfileUI.swift; sourceTree = "<group>"; };
		8831AAD7CDB1966740DA2DAF /* Pods_MyMuze.framework */ = {isa = PBXFileReference; explicitFileType = wrapper.framework; includeInIndex = 0; path = Pods_MyMuze.framework; sourceTree = BUILT_PRODUCTS_DIR; };
		C0B39F5AFC956F82D4D87CB3 /* Pods-MyMuzeTests.release.xcconfig */ = {isa = PBXFileReference; includeInIndex = 1; lastKnownFileType = text.xcconfig; name = "Pods-MyMuzeTests.release.xcconfig"; path = "Target Support Files/Pods-MyMuzeTests/Pods-MyMuzeTests.release.xcconfig"; sourceTree = "<group>"; };
		C1145BC32B97A7AF00F36020 /* AppDelegate.swift */ = {isa = PBXFileReference; lastKnownFileType = sourcecode.swift; path = AppDelegate.swift; sourceTree = "<group>"; };
		C117E32B2B6980A80077FF62 /* LoginView.swift */ = {isa = PBXFileReference; lastKnownFileType = sourcecode.swift; path = LoginView.swift; sourceTree = "<group>"; };
		C121EEFF2B603D0D003C4FA5 /* MyMuze.app */ = {isa = PBXFileReference; explicitFileType = wrapper.application; includeInIndex = 0; path = MyMuze.app; sourceTree = BUILT_PRODUCTS_DIR; };
		C121EF022B603D0D003C4FA5 /* MyMuzeApp.swift */ = {isa = PBXFileReference; lastKnownFileType = sourcecode.swift; path = MyMuzeApp.swift; sourceTree = "<group>"; };
		C121EF042B603D0D003C4FA5 /* ContentView.swift */ = {isa = PBXFileReference; lastKnownFileType = sourcecode.swift; path = ContentView.swift; sourceTree = "<group>"; };
		C121EF062B603D0E003C4FA5 /* Assets.xcassets */ = {isa = PBXFileReference; lastKnownFileType = folder.assetcatalog; path = Assets.xcassets; sourceTree = "<group>"; };
		C121EF092B603D0E003C4FA5 /* Preview Assets.xcassets */ = {isa = PBXFileReference; lastKnownFileType = folder.assetcatalog; path = "Preview Assets.xcassets"; sourceTree = "<group>"; };
		C121EF0F2B603D0E003C4FA5 /* MyMuzeTests.xctest */ = {isa = PBXFileReference; explicitFileType = wrapper.cfbundle; includeInIndex = 0; path = MyMuzeTests.xctest; sourceTree = BUILT_PRODUCTS_DIR; };
		C121EF132B603D0E003C4FA5 /* MyMuzeTests.swift */ = {isa = PBXFileReference; lastKnownFileType = sourcecode.swift; path = MyMuzeTests.swift; sourceTree = "<group>"; };
		C121EF192B603D0E003C4FA5 /* MyMuzeUITests.xctest */ = {isa = PBXFileReference; explicitFileType = wrapper.cfbundle; includeInIndex = 0; path = MyMuzeUITests.xctest; sourceTree = BUILT_PRODUCTS_DIR; };
		C121EF1D2B603D0E003C4FA5 /* MyMuzeUITests.swift */ = {isa = PBXFileReference; lastKnownFileType = sourcecode.swift; path = MyMuzeUITests.swift; sourceTree = "<group>"; };
		C121EF1F2B603D0E003C4FA5 /* MyMuzeUITestsLaunchTests.swift */ = {isa = PBXFileReference; lastKnownFileType = sourcecode.swift; path = MyMuzeUITestsLaunchTests.swift; sourceTree = "<group>"; };
		C14D45112BD1CF81004498D2 /* ExternalProfileView.swift */ = {isa = PBXFileReference; lastKnownFileType = sourcecode.swift; path = ExternalProfileView.swift; sourceTree = "<group>"; };
		C17244C02BC0AFC700F312AE /* NotificationsView.swift */ = {isa = PBXFileReference; lastKnownFileType = sourcecode.swift; path = NotificationsView.swift; sourceTree = "<group>"; };
		C17244C22BC0B70700F312AE /* NotificationData.swift */ = {isa = PBXFileReference; lastKnownFileType = sourcecode.swift; path = NotificationData.swift; sourceTree = "<group>"; };
		C17244C62BC2161300F312AE /* DebugToolsView.swift */ = {isa = PBXFileReference; lastKnownFileType = sourcecode.swift; path = DebugToolsView.swift; sourceTree = "<group>"; };
		C1792CBC2B9D2AF5006622B0 /* ProfileSearchView.swift */ = {isa = PBXFileReference; lastKnownFileType = sourcecode.swift; path = ProfileSearchView.swift; sourceTree = "<group>"; };
		C1792CBE2BA101A5006622B0 /* SearchItem.swift */ = {isa = PBXFileReference; lastKnownFileType = sourcecode.swift; path = SearchItem.swift; sourceTree = "<group>"; };
		C19893A52B92726200AB9F65 /* GoogleService-Info.plist */ = {isa = PBXFileReference; fileEncoding = 4; lastKnownFileType = text.plist.xml; path = "GoogleService-Info.plist"; sourceTree = "<group>"; };
		C1ABF32F2B9503E6005C6B1E /* Info.plist */ = {isa = PBXFileReference; lastKnownFileType = text.plist; path = Info.plist; sourceTree = "<group>"; };
		C1ABF3302B9504E0005C6B1E /* Login.swift */ = {isa = PBXFileReference; lastKnownFileType = sourcecode.swift; path = Login.swift; sourceTree = "<group>"; };
		C1ABF3322B9506F7005C6B1E /* MyMuze.entitlements */ = {isa = PBXFileReference; lastKnownFileType = text.plist.entitlements; path = MyMuze.entitlements; sourceTree = "<group>"; };
		C1ABF3332B950937005C6B1E /* VerificationModal.swift */ = {isa = PBXFileReference; lastKnownFileType = sourcecode.swift; path = VerificationModal.swift; sourceTree = "<group>"; };
		C1ABF3352B968F2A005C6B1E /* UserData.swift */ = {isa = PBXFileReference; lastKnownFileType = sourcecode.swift; path = UserData.swift; sourceTree = "<group>"; };
		C1ABF3372B969288005C6B1E /* PhoneSignInView.swift */ = {isa = PBXFileReference; lastKnownFileType = sourcecode.swift; path = PhoneSignInView.swift; sourceTree = "<group>"; };
		C1ABF3392B9699AA005C6B1E /* Firestore.swift */ = {isa = PBXFileReference; lastKnownFileType = sourcecode.swift; path = Firestore.swift; sourceTree = "<group>"; };
		C1C099F42BE5F2C200646A11 /* PictureChanger.swift */ = {isa = PBXFileReference; lastKnownFileType = sourcecode.swift; path = PictureChanger.swift; sourceTree = "<group>"; };
		C1C46E432B6DC55E001AADDA /* AppleButton.swift */ = {isa = PBXFileReference; lastKnownFileType = sourcecode.swift; path = AppleButton.swift; sourceTree = "<group>"; };
		C1C46E452B6DC8EF001AADDA /* BackgroundView.swift */ = {isa = PBXFileReference; lastKnownFileType = sourcecode.swift; path = BackgroundView.swift; sourceTree = "<group>"; };
		C1C46E472B6DC946001AADDA /* Color.swift */ = {isa = PBXFileReference; lastKnownFileType = sourcecode.swift; path = Color.swift; sourceTree = "<group>"; };
		C1D74F6F2BE353E6004CA4DC /* FirebaseStorage.swift */ = {isa = PBXFileReference; lastKnownFileType = sourcecode.swift; path = FirebaseStorage.swift; sourceTree = "<group>"; };
		C1D816642B83EE3D00513C21 /* SignUpView.swift */ = {isa = PBXFileReference; lastKnownFileType = sourcecode.swift; path = SignUpView.swift; sourceTree = "<group>"; };
		C1D816682B84069D00513C21 /* NavigationBarExtensions.swift */ = {isa = PBXFileReference; lastKnownFileType = sourcecode.swift; path = NavigationBarExtensions.swift; sourceTree = "<group>"; };
		CA52254235F239D862FFB625 /* Pods_MyMuze_MyMuzeUITests.framework */ = {isa = PBXFileReference; explicitFileType = wrapper.framework; includeInIndex = 0; path = Pods_MyMuze_MyMuzeUITests.framework; sourceTree = BUILT_PRODUCTS_DIR; };
		E24925B2AB99AAA3A6E3889D /* Pods-MyMuze-MyMuzeUITests.release.xcconfig */ = {isa = PBXFileReference; includeInIndex = 1; lastKnownFileType = text.xcconfig; name = "Pods-MyMuze-MyMuzeUITests.release.xcconfig"; path = "Target Support Files/Pods-MyMuze-MyMuzeUITests/Pods-MyMuze-MyMuzeUITests.release.xcconfig"; sourceTree = "<group>"; };
/* End PBXFileReference section */

/* Begin PBXFrameworksBuildPhase section */
		C121EEFC2B603D0C003C4FA5 /* Frameworks */ = {
			isa = PBXFrameworksBuildPhase;
			buildActionMask = 2147483647;
			files = (
				C1C46E4E2B6DCD86001AADDA /* GoogleSignIn in Frameworks */,
				7E7035242BC5FBA500C5B365 /* SpotifyiOS in Frameworks */,
				C1C46E502B6DCE93001AADDA /* GoogleSignInSwift in Frameworks */,
				C19893A82B92730200AB9F65 /* FirebaseAnalytics in Frameworks */,
				C19893AC2B92730200AB9F65 /* FirebaseFirestore in Frameworks */,
				C19893B02B92730200AB9F65 /* FirebaseStorage in Frameworks */,
				C19893AA2B92730200AB9F65 /* FirebaseAuth in Frameworks */,
				C1792CC22BA10DE3006622B0 /* URLImage in Frameworks */,
				C19893AE2B92730200AB9F65 /* FirebaseFirestoreSwift in Frameworks */,
				409025FA2F708E9499812EF2 /* Pods_MyMuze.framework in Frameworks */,
			);
			runOnlyForDeploymentPostprocessing = 0;
		};
		C121EF0C2B603D0E003C4FA5 /* Frameworks */ = {
			isa = PBXFrameworksBuildPhase;
			buildActionMask = 2147483647;
			files = (
				6BB44BC004B4299EF6CDEA74 /* Pods_MyMuzeTests.framework in Frameworks */,
			);
			runOnlyForDeploymentPostprocessing = 0;
		};
		C121EF162B603D0E003C4FA5 /* Frameworks */ = {
			isa = PBXFrameworksBuildPhase;
			buildActionMask = 2147483647;
			files = (
				C8767CF6A974C5D647564DBF /* Pods_MyMuze_MyMuzeUITests.framework in Frameworks */,
			);
			runOnlyForDeploymentPostprocessing = 0;
		};
/* End PBXFrameworksBuildPhase section */

/* Begin PBXGroup section */
		543C2E98361D00B74756A148 /* Frameworks */ = {
			isa = PBXGroup;
			children = (
				8831AAD7CDB1966740DA2DAF /* Pods_MyMuze.framework */,
				CA52254235F239D862FFB625 /* Pods_MyMuze_MyMuzeUITests.framework */,
				2247BCD797A33B0D1A9CF158 /* Pods_MyMuzeTests.framework */,
			);
			name = Frameworks;
			sourceTree = "<group>";
		};
		7E8AA0082B7C017000014F4D /* HomeView */ = {
			isa = PBXGroup;
			children = (
				7E8AA0092B7C07A200014F4D /* HomeUI.swift */,
				7EF0E7782B887E08001D3C83 /* ProfileUI.swift */,
				7E1069C42B914910009EC0AA /* PostUI.swift */,
			);
			path = HomeView;
			sourceTree = "<group>";
		};
		AC0D86F05DF4797FABF1D620 /* Pods */ = {
			isa = PBXGroup;
			children = (
				324756D69109FF63B022374E /* Pods-MyMuze.debug.xcconfig */,
				38AE868E2456454DF1A4A933 /* Pods-MyMuze.release.xcconfig */,
				7A13077BC9AAA5BF295A9B06 /* Pods-MyMuze-MyMuzeUITests.debug.xcconfig */,
				E24925B2AB99AAA3A6E3889D /* Pods-MyMuze-MyMuzeUITests.release.xcconfig */,
				359CA5E01237023E553DA53A /* Pods-MyMuzeTests.debug.xcconfig */,
				C0B39F5AFC956F82D4D87CB3 /* Pods-MyMuzeTests.release.xcconfig */,
			);
			path = Pods;
			sourceTree = "<group>";
		};
		C117E32A2B69806D0077FF62 /* Views */ = {
			isa = PBXGroup;
			children = (
				C121EF042B603D0D003C4FA5 /* ContentView.swift */,
				C117E32B2B6980A80077FF62 /* LoginView.swift */,
				C1C46E452B6DC8EF001AADDA /* BackgroundView.swift */,
				C1D816642B83EE3D00513C21 /* SignUpView.swift */,
				C1ABF3372B969288005C6B1E /* PhoneSignInView.swift */,
				C1792CBC2B9D2AF5006622B0 /* ProfileSearchView.swift */,
				C17244C02BC0AFC700F312AE /* NotificationsView.swift */,
				C17244C62BC2161300F312AE /* DebugToolsView.swift */,
				C14D45112BD1CF81004498D2 /* ExternalProfileView.swift */,
			);
			path = Views;
			sourceTree = "<group>";
		};
		C121EEF62B603D0C003C4FA5 = {
			isa = PBXGroup;
			children = (
				C121EF012B603D0D003C4FA5 /* MyMuze */,
				C121EF122B603D0E003C4FA5 /* MyMuzeTests */,
				C121EF1C2B603D0E003C4FA5 /* MyMuzeUITests */,
				C121EF002B603D0D003C4FA5 /* Products */,
				AC0D86F05DF4797FABF1D620 /* Pods */,
				543C2E98361D00B74756A148 /* Frameworks */,
			);
			sourceTree = "<group>";
		};
		C121EF002B603D0D003C4FA5 /* Products */ = {
			isa = PBXGroup;
			children = (
				C121EEFF2B603D0D003C4FA5 /* MyMuze.app */,
				C121EF0F2B603D0E003C4FA5 /* MyMuzeTests.xctest */,
				C121EF192B603D0E003C4FA5 /* MyMuzeUITests.xctest */,
			);
			name = Products;
			sourceTree = "<group>";
		};
		C121EF012B603D0D003C4FA5 /* MyMuze */ = {
			isa = PBXGroup;
			children = (
				C1FFEBA32B9A648E0001922B /* Models */,
				C1ABF3322B9506F7005C6B1E /* MyMuze.entitlements */,
				C1ABF32F2B9503E6005C6B1E /* Info.plist */,
				C19893A52B92726200AB9F65 /* GoogleService-Info.plist */,
				C1C46E422B6DC54A001AADDA /* Components */,
				C117E32A2B69806D0077FF62 /* Views */,
				C121EF022B603D0D003C4FA5 /* MyMuzeApp.swift */,
				7E8AA0082B7C017000014F4D /* HomeView */,
				C121EF062B603D0E003C4FA5 /* Assets.xcassets */,
				C121EF082B603D0E003C4FA5 /* Preview Content */,
				C1145BC32B97A7AF00F36020 /* AppDelegate.swift */,
			);
			path = MyMuze;
			sourceTree = "<group>";
		};
		C121EF082B603D0E003C4FA5 /* Preview Content */ = {
			isa = PBXGroup;
			children = (
				C121EF092B603D0E003C4FA5 /* Preview Assets.xcassets */,
			);
			path = "Preview Content";
			sourceTree = "<group>";
		};
		C121EF122B603D0E003C4FA5 /* MyMuzeTests */ = {
			isa = PBXGroup;
			children = (
				C121EF132B603D0E003C4FA5 /* MyMuzeTests.swift */,
			);
			path = MyMuzeTests;
			sourceTree = "<group>";
		};
		C121EF1C2B603D0E003C4FA5 /* MyMuzeUITests */ = {
			isa = PBXGroup;
			children = (
				C121EF1D2B603D0E003C4FA5 /* MyMuzeUITests.swift */,
				C121EF1F2B603D0E003C4FA5 /* MyMuzeUITestsLaunchTests.swift */,
			);
			path = MyMuzeUITests;
			sourceTree = "<group>";
		};
		C1C46E422B6DC54A001AADDA /* Components */ = {
			isa = PBXGroup;
			children = (
				C1C46E432B6DC55E001AADDA /* AppleButton.swift */,
				C1C46E472B6DC946001AADDA /* Color.swift */,
				C1D816682B84069D00513C21 /* NavigationBarExtensions.swift */,
				C1ABF3302B9504E0005C6B1E /* Login.swift */,
				C1ABF3332B950937005C6B1E /* VerificationModal.swift */,
				C1ABF3392B9699AA005C6B1E /* Firestore.swift */,
				C1792CBE2BA101A5006622B0 /* SearchItem.swift */,
				7E7FC21E2BD202BC001D6C8E /* SpotifyTrackItem.swift */,
				C1D74F6F2BE353E6004CA4DC /* FirebaseStorage.swift */,
				C1C099F42BE5F2C200646A11 /* PictureChanger.swift */,
			);
			path = Components;
			sourceTree = "<group>";
		};
		C1FFEBA32B9A648E0001922B /* Models */ = {
			isa = PBXGroup;
			children = (
				C1ABF3352B968F2A005C6B1E /* UserData.swift */,
				C17244C22BC0B70700F312AE /* NotificationData.swift */,
				7EBA74542BCF3BCB00E4536A /* SpotifyAPIClient.swift */,
				7E7FC21C2BD201E4001D6C8E /* TrackData.swift */,
				7EC1E8F52BE2F854005830A0 /* PostData.swift */,
			);
			path = Models;
			sourceTree = "<group>";
		};
/* End PBXGroup section */

/* Begin PBXNativeTarget section */
		C121EEFE2B603D0C003C4FA5 /* MyMuze */ = {
			isa = PBXNativeTarget;
			buildConfigurationList = C121EF232B603D0F003C4FA5 /* Build configuration list for PBXNativeTarget "MyMuze" */;
			buildPhases = (
				4640A75200458CFDD4855801 /* [CP] Check Pods Manifest.lock */,
				C121EEFB2B603D0C003C4FA5 /* Sources */,
				C121EEFC2B603D0C003C4FA5 /* Frameworks */,
				C121EEFD2B603D0C003C4FA5 /* Resources */,
				F1F8AF11C12E724C51E9A93E /* [CP] Embed Pods Frameworks */,
			);
			buildRules = (
			);
			dependencies = (
			);
			name = MyMuze;
			packageProductDependencies = (
				C1C46E4D2B6DCD86001AADDA /* GoogleSignIn */,
				C1C46E4F2B6DCE93001AADDA /* GoogleSignInSwift */,
				C19893A72B92730200AB9F65 /* FirebaseAnalytics */,
				C19893A92B92730200AB9F65 /* FirebaseAuth */,
				C19893AB2B92730200AB9F65 /* FirebaseFirestore */,
				C19893AD2B92730200AB9F65 /* FirebaseFirestoreSwift */,
				C19893AF2B92730200AB9F65 /* FirebaseStorage */,
				C1792CC12BA10DE3006622B0 /* URLImage */,
				7E7035232BC5FBA500C5B365 /* SpotifyiOS */,
			);
			productName = MyMuze;
			productReference = C121EEFF2B603D0D003C4FA5 /* MyMuze.app */;
			productType = "com.apple.product-type.application";
		};
		C121EF0E2B603D0E003C4FA5 /* MyMuzeTests */ = {
			isa = PBXNativeTarget;
			buildConfigurationList = C121EF262B603D0F003C4FA5 /* Build configuration list for PBXNativeTarget "MyMuzeTests" */;
			buildPhases = (
				4184CADC17155F62108B73CB /* [CP] Check Pods Manifest.lock */,
				C121EF0B2B603D0E003C4FA5 /* Sources */,
				C121EF0C2B603D0E003C4FA5 /* Frameworks */,
				C121EF0D2B603D0E003C4FA5 /* Resources */,
			);
			buildRules = (
			);
			dependencies = (
				C121EF112B603D0E003C4FA5 /* PBXTargetDependency */,
			);
			name = MyMuzeTests;
			productName = MyMuzeTests;
			productReference = C121EF0F2B603D0E003C4FA5 /* MyMuzeTests.xctest */;
			productType = "com.apple.product-type.bundle.unit-test";
		};
		C121EF182B603D0E003C4FA5 /* MyMuzeUITests */ = {
			isa = PBXNativeTarget;
			buildConfigurationList = C121EF292B603D0F003C4FA5 /* Build configuration list for PBXNativeTarget "MyMuzeUITests" */;
			buildPhases = (
				C72C1A767AAEDA79973CFC93 /* [CP] Check Pods Manifest.lock */,
				C121EF152B603D0E003C4FA5 /* Sources */,
				C121EF162B603D0E003C4FA5 /* Frameworks */,
				C121EF172B603D0E003C4FA5 /* Resources */,
				CE1D63EF4AD8F4E030D0499D /* [CP] Embed Pods Frameworks */,
			);
			buildRules = (
			);
			dependencies = (
				C121EF1B2B603D0E003C4FA5 /* PBXTargetDependency */,
			);
			name = MyMuzeUITests;
			productName = MyMuzeUITests;
			productReference = C121EF192B603D0E003C4FA5 /* MyMuzeUITests.xctest */;
			productType = "com.apple.product-type.bundle.ui-testing";
		};
/* End PBXNativeTarget section */

/* Begin PBXProject section */
		C121EEF72B603D0C003C4FA5 /* Project object */ = {
			isa = PBXProject;
			attributes = {
				BuildIndependentTargetsInParallel = 1;
				LastSwiftUpdateCheck = 1520;
				LastUpgradeCheck = 1520;
				TargetAttributes = {
					C121EEFE2B603D0C003C4FA5 = {
						CreatedOnToolsVersion = 15.2;
					};
					C121EF0E2B603D0E003C4FA5 = {
						CreatedOnToolsVersion = 15.2;
						TestTargetID = C121EEFE2B603D0C003C4FA5;
					};
					C121EF182B603D0E003C4FA5 = {
						CreatedOnToolsVersion = 15.2;
						TestTargetID = C121EEFE2B603D0C003C4FA5;
					};
				};
			};
			buildConfigurationList = C121EEFA2B603D0C003C4FA5 /* Build configuration list for PBXProject "MyMuze" */;
			compatibilityVersion = "Xcode 14.0";
			developmentRegion = en;
			hasScannedForEncodings = 0;
			knownRegions = (
				en,
				Base,
			);
			mainGroup = C121EEF62B603D0C003C4FA5;
			packageReferences = (
				C1C46E4B2B6DCD17001AADDA /* XCRemoteSwiftPackageReference "firebase-ios-sdk" */,
				C1C46E4C2B6DCD86001AADDA /* XCRemoteSwiftPackageReference "GoogleSignIn-iOS" */,
				C1792CC02BA10DE3006622B0 /* XCRemoteSwiftPackageReference "url-image" */,
				7E7035222BC5FBA500C5B365 /* XCRemoteSwiftPackageReference "ios-sdk" */,
			);
			productRefGroup = C121EF002B603D0D003C4FA5 /* Products */;
			projectDirPath = "";
			projectRoot = "";
			targets = (
				C121EEFE2B603D0C003C4FA5 /* MyMuze */,
				C121EF0E2B603D0E003C4FA5 /* MyMuzeTests */,
				C121EF182B603D0E003C4FA5 /* MyMuzeUITests */,
			);
		};
/* End PBXProject section */

/* Begin PBXResourcesBuildPhase section */
		C121EEFD2B603D0C003C4FA5 /* Resources */ = {
			isa = PBXResourcesBuildPhase;
			buildActionMask = 2147483647;
			files = (
				C121EF0A2B603D0E003C4FA5 /* Preview Assets.xcassets in Resources */,
				C121EF072B603D0E003C4FA5 /* Assets.xcassets in Resources */,
				C19893A62B92726200AB9F65 /* GoogleService-Info.plist in Resources */,
			);
			runOnlyForDeploymentPostprocessing = 0;
		};
		C121EF0D2B603D0E003C4FA5 /* Resources */ = {
			isa = PBXResourcesBuildPhase;
			buildActionMask = 2147483647;
			files = (
			);
			runOnlyForDeploymentPostprocessing = 0;
		};
		C121EF172B603D0E003C4FA5 /* Resources */ = {
			isa = PBXResourcesBuildPhase;
			buildActionMask = 2147483647;
			files = (
			);
			runOnlyForDeploymentPostprocessing = 0;
		};
/* End PBXResourcesBuildPhase section */

/* Begin PBXShellScriptBuildPhase section */
		4184CADC17155F62108B73CB /* [CP] Check Pods Manifest.lock */ = {
			isa = PBXShellScriptBuildPhase;
			buildActionMask = 2147483647;
			files = (
			);
			inputFileListPaths = (
			);
			inputPaths = (
				"${PODS_PODFILE_DIR_PATH}/Podfile.lock",
				"${PODS_ROOT}/Manifest.lock",
			);
			name = "[CP] Check Pods Manifest.lock";
			outputFileListPaths = (
			);
			outputPaths = (
				"$(DERIVED_FILE_DIR)/Pods-MyMuzeTests-checkManifestLockResult.txt",
			);
			runOnlyForDeploymentPostprocessing = 0;
			shellPath = /bin/sh;
			shellScript = "diff \"${PODS_PODFILE_DIR_PATH}/Podfile.lock\" \"${PODS_ROOT}/Manifest.lock\" > /dev/null\nif [ $? != 0 ] ; then\n    # print error to STDERR\n    echo \"error: The sandbox is not in sync with the Podfile.lock. Run 'pod install' or update your CocoaPods installation.\" >&2\n    exit 1\nfi\n# This output is used by Xcode 'outputs' to avoid re-running this script phase.\necho \"SUCCESS\" > \"${SCRIPT_OUTPUT_FILE_0}\"\n";
			showEnvVarsInLog = 0;
		};
		4640A75200458CFDD4855801 /* [CP] Check Pods Manifest.lock */ = {
			isa = PBXShellScriptBuildPhase;
			buildActionMask = 2147483647;
			files = (
			);
			inputFileListPaths = (
			);
			inputPaths = (
				"${PODS_PODFILE_DIR_PATH}/Podfile.lock",
				"${PODS_ROOT}/Manifest.lock",
			);
			name = "[CP] Check Pods Manifest.lock";
			outputFileListPaths = (
			);
			outputPaths = (
				"$(DERIVED_FILE_DIR)/Pods-MyMuze-checkManifestLockResult.txt",
			);
			runOnlyForDeploymentPostprocessing = 0;
			shellPath = /bin/sh;
			shellScript = "diff \"${PODS_PODFILE_DIR_PATH}/Podfile.lock\" \"${PODS_ROOT}/Manifest.lock\" > /dev/null\nif [ $? != 0 ] ; then\n    # print error to STDERR\n    echo \"error: The sandbox is not in sync with the Podfile.lock. Run 'pod install' or update your CocoaPods installation.\" >&2\n    exit 1\nfi\n# This output is used by Xcode 'outputs' to avoid re-running this script phase.\necho \"SUCCESS\" > \"${SCRIPT_OUTPUT_FILE_0}\"\n";
			showEnvVarsInLog = 0;
		};
		C72C1A767AAEDA79973CFC93 /* [CP] Check Pods Manifest.lock */ = {
			isa = PBXShellScriptBuildPhase;
			buildActionMask = 2147483647;
			files = (
			);
			inputFileListPaths = (
			);
			inputPaths = (
				"${PODS_PODFILE_DIR_PATH}/Podfile.lock",
				"${PODS_ROOT}/Manifest.lock",
			);
			name = "[CP] Check Pods Manifest.lock";
			outputFileListPaths = (
			);
			outputPaths = (
				"$(DERIVED_FILE_DIR)/Pods-MyMuze-MyMuzeUITests-checkManifestLockResult.txt",
			);
			runOnlyForDeploymentPostprocessing = 0;
			shellPath = /bin/sh;
			shellScript = "diff \"${PODS_PODFILE_DIR_PATH}/Podfile.lock\" \"${PODS_ROOT}/Manifest.lock\" > /dev/null\nif [ $? != 0 ] ; then\n    # print error to STDERR\n    echo \"error: The sandbox is not in sync with the Podfile.lock. Run 'pod install' or update your CocoaPods installation.\" >&2\n    exit 1\nfi\n# This output is used by Xcode 'outputs' to avoid re-running this script phase.\necho \"SUCCESS\" > \"${SCRIPT_OUTPUT_FILE_0}\"\n";
			showEnvVarsInLog = 0;
		};
		CE1D63EF4AD8F4E030D0499D /* [CP] Embed Pods Frameworks */ = {
			isa = PBXShellScriptBuildPhase;
			buildActionMask = 2147483647;
			files = (
			);
			inputFileListPaths = (
				"${PODS_ROOT}/Target Support Files/Pods-MyMuze-MyMuzeUITests/Pods-MyMuze-MyMuzeUITests-frameworks-${CONFIGURATION}-input-files.xcfilelist",
			);
			name = "[CP] Embed Pods Frameworks";
			outputFileListPaths = (
				"${PODS_ROOT}/Target Support Files/Pods-MyMuze-MyMuzeUITests/Pods-MyMuze-MyMuzeUITests-frameworks-${CONFIGURATION}-output-files.xcfilelist",
			);
			runOnlyForDeploymentPostprocessing = 0;
			shellPath = /bin/sh;
			shellScript = "\"${PODS_ROOT}/Target Support Files/Pods-MyMuze-MyMuzeUITests/Pods-MyMuze-MyMuzeUITests-frameworks.sh\"\n";
			showEnvVarsInLog = 0;
		};
		F1F8AF11C12E724C51E9A93E /* [CP] Embed Pods Frameworks */ = {
			isa = PBXShellScriptBuildPhase;
			buildActionMask = 2147483647;
			files = (
			);
			inputFileListPaths = (
				"${PODS_ROOT}/Target Support Files/Pods-MyMuze/Pods-MyMuze-frameworks-${CONFIGURATION}-input-files.xcfilelist",
			);
			name = "[CP] Embed Pods Frameworks";
			outputFileListPaths = (
				"${PODS_ROOT}/Target Support Files/Pods-MyMuze/Pods-MyMuze-frameworks-${CONFIGURATION}-output-files.xcfilelist",
			);
			runOnlyForDeploymentPostprocessing = 0;
			shellPath = /bin/sh;
			shellScript = "\"${PODS_ROOT}/Target Support Files/Pods-MyMuze/Pods-MyMuze-frameworks.sh\"\n";
			showEnvVarsInLog = 0;
		};
/* End PBXShellScriptBuildPhase section */

/* Begin PBXSourcesBuildPhase section */
		C121EEFB2B603D0C003C4FA5 /* Sources */ = {
			isa = PBXSourcesBuildPhase;
			buildActionMask = 2147483647;
			files = (
				7E8AA00A2B7C07A200014F4D /* HomeUI.swift in Sources */,
				7EF0E7792B887E08001D3C83 /* ProfileUI.swift in Sources */,
				C17244C72BC2161300F312AE /* DebugToolsView.swift in Sources */,
				C14D45122BD1CF81004498D2 /* ExternalProfileView.swift in Sources */,
				C1792CBD2B9D2AF5006622B0 /* ProfileSearchView.swift in Sources */,
				C1C46E462B6DC8EF001AADDA /* BackgroundView.swift in Sources */,
				C117E32C2B6980A80077FF62 /* LoginView.swift in Sources */,
				C121EF052B603D0D003C4FA5 /* ContentView.swift in Sources */,
				C1D816652B83EE3D00513C21 /* SignUpView.swift in Sources */,
				C1ABF3342B950937005C6B1E /* VerificationModal.swift in Sources */,
				7E7FC21D2BD201E4001D6C8E /* TrackData.swift in Sources */,
				7E7FC21F2BD202BC001D6C8E /* SpotifyTrackItem.swift in Sources */,
				C1792CBF2BA101A5006622B0 /* SearchItem.swift in Sources */,
				C1ABF33A2B9699AA005C6B1E /* Firestore.swift in Sources */,
				C1C099F52BE5F2C200646A11 /* PictureChanger.swift in Sources */,
				C1ABF3382B969288005C6B1E /* PhoneSignInView.swift in Sources */,
				C17244C12BC0AFC700F312AE /* NotificationsView.swift in Sources */,
				C1ABF3362B968F2A005C6B1E /* UserData.swift in Sources */,
				C17244C32BC0B70700F312AE /* NotificationData.swift in Sources */,
				C1D74F702BE353E6004CA4DC /* FirebaseStorage.swift in Sources */,
				7EC1E8F62BE2F854005830A0 /* PostData.swift in Sources */,
				C1C46E442B6DC55E001AADDA /* AppleButton.swift in Sources */,
				7EBA74552BCF3BCB00E4536A /* SpotifyAPIClient.swift in Sources */,
				C1D816692B84069D00513C21 /* NavigationBarExtensions.swift in Sources */,
				C1ABF3312B9504E0005C6B1E /* Login.swift in Sources */,
				C121EF032B603D0D003C4FA5 /* MyMuzeApp.swift in Sources */,
				7E1069C52B914910009EC0AA /* PostUI.swift in Sources */,
				C1145BC42B97A7AF00F36020 /* AppDelegate.swift in Sources */,
				C1C46E482B6DC946001AADDA /* Color.swift in Sources */,
			);
			runOnlyForDeploymentPostprocessing = 0;
		};
		C121EF0B2B603D0E003C4FA5 /* Sources */ = {
			isa = PBXSourcesBuildPhase;
			buildActionMask = 2147483647;
			files = (
				C121EF142B603D0E003C4FA5 /* MyMuzeTests.swift in Sources */,
			);
			runOnlyForDeploymentPostprocessing = 0;
		};
		C121EF152B603D0E003C4FA5 /* Sources */ = {
			isa = PBXSourcesBuildPhase;
			buildActionMask = 2147483647;
			files = (
				C121EF1E2B603D0E003C4FA5 /* MyMuzeUITests.swift in Sources */,
				C121EF202B603D0E003C4FA5 /* MyMuzeUITestsLaunchTests.swift in Sources */,
			);
			runOnlyForDeploymentPostprocessing = 0;
		};
/* End PBXSourcesBuildPhase section */

/* Begin PBXTargetDependency section */
		C121EF112B603D0E003C4FA5 /* PBXTargetDependency */ = {
			isa = PBXTargetDependency;
			target = C121EEFE2B603D0C003C4FA5 /* MyMuze */;
			targetProxy = C121EF102B603D0E003C4FA5 /* PBXContainerItemProxy */;
		};
		C121EF1B2B603D0E003C4FA5 /* PBXTargetDependency */ = {
			isa = PBXTargetDependency;
			target = C121EEFE2B603D0C003C4FA5 /* MyMuze */;
			targetProxy = C121EF1A2B603D0E003C4FA5 /* PBXContainerItemProxy */;
		};
/* End PBXTargetDependency section */

/* Begin XCBuildConfiguration section */
		C121EF212B603D0F003C4FA5 /* Debug */ = {
			isa = XCBuildConfiguration;
			buildSettings = {
				ALWAYS_SEARCH_USER_PATHS = NO;
				ASSETCATALOG_COMPILER_GENERATE_SWIFT_ASSET_SYMBOL_EXTENSIONS = YES;
				CLANG_ANALYZER_NONNULL = YES;
				CLANG_ANALYZER_NUMBER_OBJECT_CONVERSION = YES_AGGRESSIVE;
				CLANG_CXX_LANGUAGE_STANDARD = "gnu++20";
				CLANG_ENABLE_MODULES = YES;
				CLANG_ENABLE_OBJC_ARC = YES;
				CLANG_ENABLE_OBJC_WEAK = YES;
				CLANG_WARN_BLOCK_CAPTURE_AUTORELEASING = YES;
				CLANG_WARN_BOOL_CONVERSION = YES;
				CLANG_WARN_COMMA = YES;
				CLANG_WARN_CONSTANT_CONVERSION = YES;
				CLANG_WARN_DEPRECATED_OBJC_IMPLEMENTATIONS = YES;
				CLANG_WARN_DIRECT_OBJC_ISA_USAGE = YES_ERROR;
				CLANG_WARN_DOCUMENTATION_COMMENTS = YES;
				CLANG_WARN_EMPTY_BODY = YES;
				CLANG_WARN_ENUM_CONVERSION = YES;
				CLANG_WARN_INFINITE_RECURSION = YES;
				CLANG_WARN_INT_CONVERSION = YES;
				CLANG_WARN_NON_LITERAL_NULL_CONVERSION = YES;
				CLANG_WARN_OBJC_IMPLICIT_RETAIN_SELF = YES;
				CLANG_WARN_OBJC_LITERAL_CONVERSION = YES;
				CLANG_WARN_OBJC_ROOT_CLASS = YES_ERROR;
				CLANG_WARN_QUOTED_INCLUDE_IN_FRAMEWORK_HEADER = YES;
				CLANG_WARN_RANGE_LOOP_ANALYSIS = YES;
				CLANG_WARN_STRICT_PROTOTYPES = YES;
				CLANG_WARN_SUSPICIOUS_MOVE = YES;
				CLANG_WARN_UNGUARDED_AVAILABILITY = YES_AGGRESSIVE;
				CLANG_WARN_UNREACHABLE_CODE = YES;
				CLANG_WARN__DUPLICATE_METHOD_MATCH = YES;
				COPY_PHASE_STRIP = NO;
				DEBUG_INFORMATION_FORMAT = dwarf;
				ENABLE_STRICT_OBJC_MSGSEND = YES;
				ENABLE_TESTABILITY = YES;
				ENABLE_USER_SCRIPT_SANDBOXING = NO;
				GCC_C_LANGUAGE_STANDARD = gnu17;
				GCC_DYNAMIC_NO_PIC = NO;
				GCC_NO_COMMON_BLOCKS = YES;
				GCC_OPTIMIZATION_LEVEL = 0;
				GCC_PREPROCESSOR_DEFINITIONS = (
					"DEBUG=1",
					"$(inherited)",
				);
				GCC_WARN_64_TO_32_BIT_CONVERSION = YES;
				GCC_WARN_ABOUT_RETURN_TYPE = YES_ERROR;
				GCC_WARN_UNDECLARED_SELECTOR = YES;
				GCC_WARN_UNINITIALIZED_AUTOS = YES_AGGRESSIVE;
				GCC_WARN_UNUSED_FUNCTION = YES;
				GCC_WARN_UNUSED_VARIABLE = YES;
				IPHONEOS_DEPLOYMENT_TARGET = 17.2;
				LOCALIZATION_PREFERS_STRING_CATALOGS = YES;
				MTL_ENABLE_DEBUG_INFO = INCLUDE_SOURCE;
				MTL_FAST_MATH = YES;
				ONLY_ACTIVE_ARCH = YES;
				SDKROOT = iphoneos;
				SWIFT_ACTIVE_COMPILATION_CONDITIONS = "DEBUG $(inherited)";
				SWIFT_OPTIMIZATION_LEVEL = "-Onone";
			};
			name = Debug;
		};
		C121EF222B603D0F003C4FA5 /* Release */ = {
			isa = XCBuildConfiguration;
			buildSettings = {
				ALWAYS_SEARCH_USER_PATHS = NO;
				ASSETCATALOG_COMPILER_GENERATE_SWIFT_ASSET_SYMBOL_EXTENSIONS = YES;
				CLANG_ANALYZER_NONNULL = YES;
				CLANG_ANALYZER_NUMBER_OBJECT_CONVERSION = YES_AGGRESSIVE;
				CLANG_CXX_LANGUAGE_STANDARD = "gnu++20";
				CLANG_ENABLE_MODULES = YES;
				CLANG_ENABLE_OBJC_ARC = YES;
				CLANG_ENABLE_OBJC_WEAK = YES;
				CLANG_WARN_BLOCK_CAPTURE_AUTORELEASING = YES;
				CLANG_WARN_BOOL_CONVERSION = YES;
				CLANG_WARN_COMMA = YES;
				CLANG_WARN_CONSTANT_CONVERSION = YES;
				CLANG_WARN_DEPRECATED_OBJC_IMPLEMENTATIONS = YES;
				CLANG_WARN_DIRECT_OBJC_ISA_USAGE = YES_ERROR;
				CLANG_WARN_DOCUMENTATION_COMMENTS = YES;
				CLANG_WARN_EMPTY_BODY = YES;
				CLANG_WARN_ENUM_CONVERSION = YES;
				CLANG_WARN_INFINITE_RECURSION = YES;
				CLANG_WARN_INT_CONVERSION = YES;
				CLANG_WARN_NON_LITERAL_NULL_CONVERSION = YES;
				CLANG_WARN_OBJC_IMPLICIT_RETAIN_SELF = YES;
				CLANG_WARN_OBJC_LITERAL_CONVERSION = YES;
				CLANG_WARN_OBJC_ROOT_CLASS = YES_ERROR;
				CLANG_WARN_QUOTED_INCLUDE_IN_FRAMEWORK_HEADER = YES;
				CLANG_WARN_RANGE_LOOP_ANALYSIS = YES;
				CLANG_WARN_STRICT_PROTOTYPES = YES;
				CLANG_WARN_SUSPICIOUS_MOVE = YES;
				CLANG_WARN_UNGUARDED_AVAILABILITY = YES_AGGRESSIVE;
				CLANG_WARN_UNREACHABLE_CODE = YES;
				CLANG_WARN__DUPLICATE_METHOD_MATCH = YES;
				COPY_PHASE_STRIP = NO;
				DEBUG_INFORMATION_FORMAT = "dwarf-with-dsym";
				ENABLE_NS_ASSERTIONS = NO;
				ENABLE_STRICT_OBJC_MSGSEND = YES;
				ENABLE_USER_SCRIPT_SANDBOXING = NO;
				GCC_C_LANGUAGE_STANDARD = gnu17;
				GCC_NO_COMMON_BLOCKS = YES;
				GCC_WARN_64_TO_32_BIT_CONVERSION = YES;
				GCC_WARN_ABOUT_RETURN_TYPE = YES_ERROR;
				GCC_WARN_UNDECLARED_SELECTOR = YES;
				GCC_WARN_UNINITIALIZED_AUTOS = YES_AGGRESSIVE;
				GCC_WARN_UNUSED_FUNCTION = YES;
				GCC_WARN_UNUSED_VARIABLE = YES;
				IPHONEOS_DEPLOYMENT_TARGET = 17.2;
				LOCALIZATION_PREFERS_STRING_CATALOGS = YES;
				MTL_ENABLE_DEBUG_INFO = NO;
				MTL_FAST_MATH = YES;
				SDKROOT = iphoneos;
				SWIFT_COMPILATION_MODE = wholemodule;
				VALIDATE_PRODUCT = YES;
			};
			name = Release;
		};
		C121EF242B603D0F003C4FA5 /* Debug */ = {
			isa = XCBuildConfiguration;
			baseConfigurationReference = 324756D69109FF63B022374E /* Pods-MyMuze.debug.xcconfig */;
			buildSettings = {
				ASSETCATALOG_COMPILER_APPICON_NAME = AppIcon;
				ASSETCATALOG_COMPILER_GLOBAL_ACCENT_COLOR_NAME = AccentColor;
				CODE_SIGN_ENTITLEMENTS = MyMuze/MyMuze.entitlements;
				CODE_SIGN_STYLE = Automatic;
				CURRENT_PROJECT_VERSION = 1;
				DEVELOPMENT_ASSET_PATHS = "\"MyMuze/Preview Content\"";
				DEVELOPMENT_TEAM = Y55HQS8TD6;
				ENABLE_PREVIEWS = YES;
				FRAMEWORK_SEARCH_PATHS = (
					"$(inherited)",
					"$(PROJECT_DIR)",
				);
				GENERATE_INFOPLIST_FILE = YES;
				INFOPLIST_FILE = MyMuze/Info.plist;
				INFOPLIST_KEY_UIApplicationSceneManifest_Generation = YES;
				INFOPLIST_KEY_UIApplicationSupportsIndirectInputEvents = YES;
				INFOPLIST_KEY_UILaunchScreen_Generation = YES;
				INFOPLIST_KEY_UISupportedInterfaceOrientations_iPad = "UIInterfaceOrientationPortrait UIInterfaceOrientationPortraitUpsideDown UIInterfaceOrientationLandscapeLeft UIInterfaceOrientationLandscapeRight";
				INFOPLIST_KEY_UISupportedInterfaceOrientations_iPhone = "UIInterfaceOrientationPortrait UIInterfaceOrientationLandscapeLeft UIInterfaceOrientationLandscapeRight";
				LD_RUNPATH_SEARCH_PATHS = (
					"$(inherited)",
					"@executable_path/Frameworks",
				);
				MARKETING_VERSION = 1.0;
				PRODUCT_BUNDLE_IDENTIFIER = DiamondAndPete.MyMuze;
				PRODUCT_NAME = "$(TARGET_NAME)";
				SWIFT_EMIT_LOC_STRINGS = YES;
				SWIFT_VERSION = 5.0;
				TARGETED_DEVICE_FAMILY = "1,2";
			};
			name = Debug;
		};
		C121EF252B603D0F003C4FA5 /* Release */ = {
			isa = XCBuildConfiguration;
			baseConfigurationReference = 38AE868E2456454DF1A4A933 /* Pods-MyMuze.release.xcconfig */;
			buildSettings = {
				ASSETCATALOG_COMPILER_APPICON_NAME = AppIcon;
				ASSETCATALOG_COMPILER_GLOBAL_ACCENT_COLOR_NAME = AccentColor;
				CODE_SIGN_ENTITLEMENTS = MyMuze/MyMuze.entitlements;
				CODE_SIGN_STYLE = Automatic;
				CURRENT_PROJECT_VERSION = 1;
				DEVELOPMENT_ASSET_PATHS = "\"MyMuze/Preview Content\"";
				DEVELOPMENT_TEAM = Y55HQS8TD6;
				ENABLE_PREVIEWS = YES;
				FRAMEWORK_SEARCH_PATHS = (
					"$(inherited)",
					"$(PROJECT_DIR)",
				);
				GENERATE_INFOPLIST_FILE = YES;
				INFOPLIST_FILE = MyMuze/Info.plist;
				INFOPLIST_KEY_UIApplicationSceneManifest_Generation = YES;
				INFOPLIST_KEY_UIApplicationSupportsIndirectInputEvents = YES;
				INFOPLIST_KEY_UILaunchScreen_Generation = YES;
				INFOPLIST_KEY_UISupportedInterfaceOrientations_iPad = "UIInterfaceOrientationPortrait UIInterfaceOrientationPortraitUpsideDown UIInterfaceOrientationLandscapeLeft UIInterfaceOrientationLandscapeRight";
				INFOPLIST_KEY_UISupportedInterfaceOrientations_iPhone = "UIInterfaceOrientationPortrait UIInterfaceOrientationLandscapeLeft UIInterfaceOrientationLandscapeRight";
				LD_RUNPATH_SEARCH_PATHS = (
					"$(inherited)",
					"@executable_path/Frameworks",
				);
				MARKETING_VERSION = 1.0;
				"OTHER_LDFLAGS[arch=*]" = "-ObjC";
				PRODUCT_BUNDLE_IDENTIFIER = DiamondAndPete.MyMuze;
				PRODUCT_NAME = "$(TARGET_NAME)";
				SWIFT_EMIT_LOC_STRINGS = YES;
				SWIFT_VERSION = 5.0;
				TARGETED_DEVICE_FAMILY = "1,2";
			};
			name = Release;
		};
		C121EF272B603D0F003C4FA5 /* Debug */ = {
			isa = XCBuildConfiguration;
			baseConfigurationReference = 359CA5E01237023E553DA53A /* Pods-MyMuzeTests.debug.xcconfig */;
			buildSettings = {
				ALWAYS_EMBED_SWIFT_STANDARD_LIBRARIES = YES;
				BUNDLE_LOADER = "$(TEST_HOST)";
				CODE_SIGN_STYLE = Automatic;
				CURRENT_PROJECT_VERSION = 1;
				GENERATE_INFOPLIST_FILE = YES;
				IPHONEOS_DEPLOYMENT_TARGET = 17.2;
				MARKETING_VERSION = 1.0;
				PRODUCT_BUNDLE_IDENTIFIER = DiamondAndPete.MyMuzeTests;
				PRODUCT_NAME = "$(TARGET_NAME)";
				SWIFT_EMIT_LOC_STRINGS = NO;
				SWIFT_VERSION = 5.0;
				TARGETED_DEVICE_FAMILY = "1,2";
				TEST_HOST = "$(BUILT_PRODUCTS_DIR)/MyMuze.app/$(BUNDLE_EXECUTABLE_FOLDER_PATH)/MyMuze";
			};
			name = Debug;
		};
		C121EF282B603D0F003C4FA5 /* Release */ = {
			isa = XCBuildConfiguration;
			baseConfigurationReference = C0B39F5AFC956F82D4D87CB3 /* Pods-MyMuzeTests.release.xcconfig */;
			buildSettings = {
				ALWAYS_EMBED_SWIFT_STANDARD_LIBRARIES = YES;
				BUNDLE_LOADER = "$(TEST_HOST)";
				CODE_SIGN_STYLE = Automatic;
				CURRENT_PROJECT_VERSION = 1;
				GENERATE_INFOPLIST_FILE = YES;
				IPHONEOS_DEPLOYMENT_TARGET = 17.2;
				MARKETING_VERSION = 1.0;
				PRODUCT_BUNDLE_IDENTIFIER = DiamondAndPete.MyMuzeTests;
				PRODUCT_NAME = "$(TARGET_NAME)";
				SWIFT_EMIT_LOC_STRINGS = NO;
				SWIFT_VERSION = 5.0;
				TARGETED_DEVICE_FAMILY = "1,2";
				TEST_HOST = "$(BUILT_PRODUCTS_DIR)/MyMuze.app/$(BUNDLE_EXECUTABLE_FOLDER_PATH)/MyMuze";
			};
			name = Release;
		};
		C121EF2A2B603D0F003C4FA5 /* Debug */ = {
			isa = XCBuildConfiguration;
			baseConfigurationReference = 7A13077BC9AAA5BF295A9B06 /* Pods-MyMuze-MyMuzeUITests.debug.xcconfig */;
			buildSettings = {
				ALWAYS_EMBED_SWIFT_STANDARD_LIBRARIES = YES;
				CODE_SIGN_STYLE = Automatic;
				CURRENT_PROJECT_VERSION = 1;
				GENERATE_INFOPLIST_FILE = YES;
				MARKETING_VERSION = 1.0;
				PRODUCT_BUNDLE_IDENTIFIER = DiamondAndPete.MyMuzeUITests;
				PRODUCT_NAME = "$(TARGET_NAME)";
				SWIFT_EMIT_LOC_STRINGS = NO;
				SWIFT_VERSION = 5.0;
				TARGETED_DEVICE_FAMILY = "1,2";
				TEST_TARGET_NAME = MyMuze;
			};
			name = Debug;
		};
		C121EF2B2B603D0F003C4FA5 /* Release */ = {
			isa = XCBuildConfiguration;
			baseConfigurationReference = E24925B2AB99AAA3A6E3889D /* Pods-MyMuze-MyMuzeUITests.release.xcconfig */;
			buildSettings = {
				ALWAYS_EMBED_SWIFT_STANDARD_LIBRARIES = YES;
				CODE_SIGN_STYLE = Automatic;
				CURRENT_PROJECT_VERSION = 1;
				GENERATE_INFOPLIST_FILE = YES;
				MARKETING_VERSION = 1.0;
				PRODUCT_BUNDLE_IDENTIFIER = DiamondAndPete.MyMuzeUITests;
				PRODUCT_NAME = "$(TARGET_NAME)";
				SWIFT_EMIT_LOC_STRINGS = NO;
				SWIFT_VERSION = 5.0;
				TARGETED_DEVICE_FAMILY = "1,2";
				TEST_TARGET_NAME = MyMuze;
			};
			name = Release;
		};
/* End XCBuildConfiguration section */

/* Begin XCConfigurationList section */
		C121EEFA2B603D0C003C4FA5 /* Build configuration list for PBXProject "MyMuze" */ = {
			isa = XCConfigurationList;
			buildConfigurations = (
				C121EF212B603D0F003C4FA5 /* Debug */,
				C121EF222B603D0F003C4FA5 /* Release */,
			);
			defaultConfigurationIsVisible = 0;
			defaultConfigurationName = Release;
		};
		C121EF232B603D0F003C4FA5 /* Build configuration list for PBXNativeTarget "MyMuze" */ = {
			isa = XCConfigurationList;
			buildConfigurations = (
				C121EF242B603D0F003C4FA5 /* Debug */,
				C121EF252B603D0F003C4FA5 /* Release */,
			);
			defaultConfigurationIsVisible = 0;
			defaultConfigurationName = Release;
		};
		C121EF262B603D0F003C4FA5 /* Build configuration list for PBXNativeTarget "MyMuzeTests" */ = {
			isa = XCConfigurationList;
			buildConfigurations = (
				C121EF272B603D0F003C4FA5 /* Debug */,
				C121EF282B603D0F003C4FA5 /* Release */,
			);
			defaultConfigurationIsVisible = 0;
			defaultConfigurationName = Release;
		};
		C121EF292B603D0F003C4FA5 /* Build configuration list for PBXNativeTarget "MyMuzeUITests" */ = {
			isa = XCConfigurationList;
			buildConfigurations = (
				C121EF2A2B603D0F003C4FA5 /* Debug */,
				C121EF2B2B603D0F003C4FA5 /* Release */,
			);
			defaultConfigurationIsVisible = 0;
			defaultConfigurationName = Release;
		};
/* End XCConfigurationList section */

/* Begin XCRemoteSwiftPackageReference section */
		7E7035222BC5FBA500C5B365 /* XCRemoteSwiftPackageReference "ios-sdk" */ = {
			isa = XCRemoteSwiftPackageReference;
			repositoryURL = "https://github.com/spotify/ios-sdk";
			requirement = {
				branch = master;
				kind = branch;
			};
		};
		C1792CC02BA10DE3006622B0 /* XCRemoteSwiftPackageReference "url-image" */ = {
			isa = XCRemoteSwiftPackageReference;
			repositoryURL = "https://github.com/dmytro-anokhin/url-image.git";
			requirement = {
				kind = upToNextMajorVersion;
				minimumVersion = 3.1.1;
			};
		};
		C1C46E4B2B6DCD17001AADDA /* XCRemoteSwiftPackageReference "firebase-ios-sdk" */ = {
			isa = XCRemoteSwiftPackageReference;
			repositoryURL = "https://github.com/firebase/firebase-ios-sdk";
			requirement = {
				kind = upToNextMajorVersion;
				minimumVersion = 10.20.0;
			};
		};
		C1C46E4C2B6DCD86001AADDA /* XCRemoteSwiftPackageReference "GoogleSignIn-iOS" */ = {
			isa = XCRemoteSwiftPackageReference;
			repositoryURL = "https://github.com/google/GoogleSignIn-iOS";
			requirement = {
				kind = upToNextMajorVersion;
				minimumVersion = 7.0.0;
			};
		};
/* End XCRemoteSwiftPackageReference section */

/* Begin XCSwiftPackageProductDependency section */
		7E7035232BC5FBA500C5B365 /* SpotifyiOS */ = {
			isa = XCSwiftPackageProductDependency;
			package = 7E7035222BC5FBA500C5B365 /* XCRemoteSwiftPackageReference "ios-sdk" */;
			productName = SpotifyiOS;
		};
		C1792CC12BA10DE3006622B0 /* URLImage */ = {
			isa = XCSwiftPackageProductDependency;
			package = C1792CC02BA10DE3006622B0 /* XCRemoteSwiftPackageReference "url-image" */;
			productName = URLImage;
		};
		C19893A72B92730200AB9F65 /* FirebaseAnalytics */ = {
			isa = XCSwiftPackageProductDependency;
			package = C1C46E4B2B6DCD17001AADDA /* XCRemoteSwiftPackageReference "firebase-ios-sdk" */;
			productName = FirebaseAnalytics;
		};
		C19893A92B92730200AB9F65 /* FirebaseAuth */ = {
			isa = XCSwiftPackageProductDependency;
			package = C1C46E4B2B6DCD17001AADDA /* XCRemoteSwiftPackageReference "firebase-ios-sdk" */;
			productName = FirebaseAuth;
		};
		C19893AB2B92730200AB9F65 /* FirebaseFirestore */ = {
			isa = XCSwiftPackageProductDependency;
			package = C1C46E4B2B6DCD17001AADDA /* XCRemoteSwiftPackageReference "firebase-ios-sdk" */;
			productName = FirebaseFirestore;
		};
		C19893AD2B92730200AB9F65 /* FirebaseFirestoreSwift */ = {
			isa = XCSwiftPackageProductDependency;
			package = C1C46E4B2B6DCD17001AADDA /* XCRemoteSwiftPackageReference "firebase-ios-sdk" */;
			productName = FirebaseFirestoreSwift;
		};
		C19893AF2B92730200AB9F65 /* FirebaseStorage */ = {
			isa = XCSwiftPackageProductDependency;
			package = C1C46E4B2B6DCD17001AADDA /* XCRemoteSwiftPackageReference "firebase-ios-sdk" */;
			productName = FirebaseStorage;
		};
		C1C46E4D2B6DCD86001AADDA /* GoogleSignIn */ = {
			isa = XCSwiftPackageProductDependency;
			package = C1C46E4C2B6DCD86001AADDA /* XCRemoteSwiftPackageReference "GoogleSignIn-iOS" */;
			productName = GoogleSignIn;
		};
		C1C46E4F2B6DCE93001AADDA /* GoogleSignInSwift */ = {
			isa = XCSwiftPackageProductDependency;
			package = C1C46E4C2B6DCD86001AADDA /* XCRemoteSwiftPackageReference "GoogleSignIn-iOS" */;
			productName = GoogleSignInSwift;
		};
/* End XCSwiftPackageProductDependency section */
	};
	rootObject = C121EEF72B603D0C003C4FA5 /* Project object */;
}
